{
  "version": 4,
  "terraform_version": "1.10.3",
  "serial": 112,
  "lineage": "d5a56ff0-5d09-31cd-0a36-243aeb04c6fe",
  "outputs": {},
  "resources": [
    {
      "mode": "managed",
      "type": "local_file",
      "name": "productos",
      "provider": "provider[\"registry.terraform.io/hashicorp/local\"]",
      "instances": [
        {
          "index_key": 0,
          "schema_version": 0,
          "attributes": {
            "content": "lista de productos para el mes proximo",
            "content_base64": null,
            "content_base64sha256": "yjdpLJg56J6zsMJYhs6U+5SrbBzBIjCLzLUr279X+HA=",
            "content_base64sha512": "e1A6rYKLOEeO6y2MX9XnLMvqpMu+QStqXyp+uBvP3dikGEnd8nFnUFUmgwUYTh68ljLZgRcPozvgLwap0Pktiw==",
            "content_md5": "de36039aea37ed52d4854d93df99d73f",
            "content_sha1": "cfd84fd52eafb8a2b62d7bae660f4ace7cf5d41d",
            "content_sha256": "ca37692c9839e89eb3b0c25886ce94fb94ab6c1cc122308bccb52bdbbf57f870",
            "content_sha512": "7b503aad828b38478eeb2d8c5fd5e72ccbeaa4cbbe412b6a5f2a7eb81bcfddd8a41849ddf271675055268305184e1ebc9632d981170fa33be02f06a9d0f92d8b",
            "directory_permission": "0777",
            "file_permission": "0777",
            "filename": "productos-kglk.txt",
            "id": "cfd84fd52eafb8a2b62d7bae660f4ace7cf5d41d",
            "sensitive_content": null,
            "source": null
          },
          "sensitive_attributes": [
            [
              {
                "type": "get_attr",
                "value": "sensitive_content"
              }
            ]
          ],
          "dependencies": [
            "random_string.sufijo"
          ]
        },
        {
          "index_key": 1,
          "schema_version": 0,
          "attributes": {
            "content": "lista de productos para el mes proximo",
            "content_base64": null,
            "content_base64sha256": "yjdpLJg56J6zsMJYhs6U+5SrbBzBIjCLzLUr279X+HA=",
            "content_base64sha512": "e1A6rYKLOEeO6y2MX9XnLMvqpMu+QStqXyp+uBvP3dikGEnd8nFnUFUmgwUYTh68ljLZgRcPozvgLwap0Pktiw==",
            "content_md5": "de36039aea37ed52d4854d93df99d73f",
            "content_sha1": "cfd84fd52eafb8a2b62d7bae660f4ace7cf5d41d",
            "content_sha256": "ca37692c9839e89eb3b0c25886ce94fb94ab6c1cc122308bccb52bdbbf57f870",
            "content_sha512": "7b503aad828b38478eeb2d8c5fd5e72ccbeaa4cbbe412b6a5f2a7eb81bcfddd8a41849ddf271675055268305184e1ebc9632d981170fa33be02f06a9d0f92d8b",
            "directory_permission": "0777",
            "file_permission": "0777",
            "filename": "productos-xyoz.txt",
            "id": "cfd84fd52eafb8a2b62d7bae660f4ace7cf5d41d",
            "sensitive_content": null,
            "source": null
          },
          "sensitive_attributes": [
            [
              {
                "type": "get_attr",
                "value": "sensitive_content"
              }
            ]
          ],
          "dependencies": [
            "random_string.sufijo"
          ]
        },
        {
          "index_key": 2,
          "schema_version": 0,
          "attributes": {
            "content": "lista de productos para el mes proximo",
            "content_base64": null,
            "content_base64sha256": "yjdpLJg56J6zsMJYhs6U+5SrbBzBIjCLzLUr279X+HA=",
            "content_base64sha512": "e1A6rYKLOEeO6y2MX9XnLMvqpMu+QStqXyp+uBvP3dikGEnd8nFnUFUmgwUYTh68ljLZgRcPozvgLwap0Pktiw==",
            "content_md5": "de36039aea37ed52d4854d93df99d73f",
            "content_sha1": "cfd84fd52eafb8a2b62d7bae660f4ace7cf5d41d",
            "content_sha256": "ca37692c9839e89eb3b0c25886ce94fb94ab6c1cc122308bccb52bdbbf57f870",
            "content_sha512": "7b503aad828b38478eeb2d8c5fd5e72ccbeaa4cbbe412b6a5f2a7eb81bcfddd8a41849ddf271675055268305184e1ebc9632d981170fa33be02f06a9d0f92d8b",
            "directory_permission": "0777",
            "file_permission": "0777",
            "filename": "productos-gmqp.txt",
            "id": "cfd84fd52eafb8a2b62d7bae660f4ace7cf5d41d",
            "sensitive_content": null,
            "source": null
          },
          "sensitive_attributes": [
            [
              {
                "type": "get_attr",
                "value": "sensitive_content"
              }
            ]
          ],
          "dependencies": [
            "random_string.sufijo"
          ]
        },
        {
          "index_key": 3,
          "schema_version": 0,
          "attributes": {
            "content": "lista de productos para el mes proximo",
            "content_base64": null,
            "content_base64sha256": "yjdpLJg56J6zsMJYhs6U+5SrbBzBIjCLzLUr279X+HA=",
            "content_base64sha512": "e1A6rYKLOEeO6y2MX9XnLMvqpMu+QStqXyp+uBvP3dikGEnd8nFnUFUmgwUYTh68ljLZgRcPozvgLwap0Pktiw==",
            "content_md5": "de36039aea37ed52d4854d93df99d73f",
            "content_sha1": "cfd84fd52eafb8a2b62d7bae660f4ace7cf5d41d",
            "content_sha256": "ca37692c9839e89eb3b0c25886ce94fb94ab6c1cc122308bccb52bdbbf57f870",
            "content_sha512": "7b503aad828b38478eeb2d8c5fd5e72ccbeaa4cbbe412b6a5f2a7eb81bcfddd8a41849ddf271675055268305184e1ebc9632d981170fa33be02f06a9d0f92d8b",
            "directory_permission": "0777",
            "file_permission": "0777",
            "filename": "productos-araz.txt",
            "id": "cfd84fd52eafb8a2b62d7bae660f4ace7cf5d41d",
            "sensitive_content": null,
            "source": null
          },
          "sensitive_attributes": [
            [
              {
                "type": "get_attr",
                "value": "sensitive_content"
              }
            ]
          ],
          "dependencies": [
            "random_string.sufijo"
          ]
        },
        {
          "index_key": 4,
          "schema_version": 0,
          "attributes": {
            "content": "lista de productos para el mes proximo",
            "content_base64": null,
            "content_base64sha256": "yjdpLJg56J6zsMJYhs6U+5SrbBzBIjCLzLUr279X+HA=",
            "content_base64sha512": "e1A6rYKLOEeO6y2MX9XnLMvqpMu+QStqXyp+uBvP3dikGEnd8nFnUFUmgwUYTh68ljLZgRcPozvgLwap0Pktiw==",
            "content_md5": "de36039aea37ed52d4854d93df99d73f",
            "content_sha1": "cfd84fd52eafb8a2b62d7bae660f4ace7cf5d41d",
            "content_sha256": "ca37692c9839e89eb3b0c25886ce94fb94ab6c1cc122308bccb52bdbbf57f870",
            "content_sha512": "7b503aad828b38478eeb2d8c5fd5e72ccbeaa4cbbe412b6a5f2a7eb81bcfddd8a41849ddf271675055268305184e1ebc9632d981170fa33be02f06a9d0f92d8b",
            "directory_permission": "0777",
            "file_permission": "0777",
            "filename": "productos-xndd.txt",
            "id": "cfd84fd52eafb8a2b62d7bae660f4ace7cf5d41d",
            "sensitive_content": null,
            "source": null
          },
          "sensitive_attributes": [
            [
              {
                "type": "get_attr",
                "value": "sensitive_content"
              }
            ]
          ],
          "dependencies": [
            "random_string.sufijo"
          ]
        }
      ]
    },
    {
      "mode": "managed",
      "type": "random_string",
      "name": "sufijo",
      "provider": "provider[\"registry.terraform.io/hashicorp/random\"]",
      "instances": [
        {
          "index_key": 0,
          "schema_version": 2,
          "attributes": {
            "id": "kglk",
            "keepers": null,
            "length": 4,
            "lower": true,
            "min_lower": 0,
            "min_numeric": 0,
            "min_special": 0,
            "min_upper": 0,
            "number": false,
            "numeric": false,
            "override_special": null,
            "result": "kglk",
            "special": false,
            "upper": false
          },
          "sensitive_attributes": []
        },
        {
          "index_key": 1,
          "schema_version": 2,
          "attributes": {
            "id": "xyoz",
            "keepers": null,
            "length": 4,
            "lower": true,
            "min_lower": 0,
            "min_numeric": 0,
            "min_special": 0,
            "min_upper": 0,
            "number": false,
            "numeric": false,
            "override_special": null,
            "result": "xyoz",
            "special": false,
            "upper": false
          },
          "sensitive_attributes": []
        },
        {
          "index_key": 2,
          "schema_version": 2,
          "attributes": {
            "id": "gmqp",
            "keepers": null,
            "length": 4,
            "lower": true,
            "min_lower": 0,
            "min_numeric": 0,
            "min_special": 0,
            "min_upper": 0,
            "number": false,
            "numeric": false,
            "override_special": null,
            "result": "gmqp",
            "special": false,
            "upper": false
          },
          "sensitive_attributes": []
        },
        {
          "index_key": 3,
          "schema_version": 2,
          "attributes": {
            "id": "araz",
            "keepers": null,
            "length": 4,
            "lower": true,
            "min_lower": 0,
            "min_numeric": 0,
            "min_special": 0,
            "min_upper": 0,
            "number": false,
            "numeric": false,
            "override_special": null,
            "result": "araz",
            "special": false,
            "upper": false
          },
          "sensitive_attributes": []
        },
        {
          "index_key": 4,
          "schema_version": 2,
          "attributes": {
            "id": "xndd",
            "keepers": null,
            "length": 4,
            "lower": true,
            "min_lower": 0,
            "min_numeric": 0,
            "min_special": 0,
            "min_upper": 0,
            "number": false,
            "numeric": false,
            "override_special": null,
            "result": "xndd",
            "special": false,
            "upper": false
          },
          "sensitive_attributes": []
        },
        {
          "index_key": 5,
          "schema_version": 2,
          "attributes": {
            "id": "sgvp",
            "keepers": null,
            "length": 4,
            "lower": true,
            "min_lower": 0,
            "min_numeric": 0,
            "min_special": 0,
            "min_upper": 0,
            "number": false,
            "numeric": false,
            "override_special": null,
            "result": "sgvp",
            "special": false,
            "upper": false
          },
          "sensitive_attributes": []
        },
        {
          "index_key": 6,
          "schema_version": 2,
          "attributes": {
            "id": "awpu",
            "keepers": null,
            "length": 4,
            "lower": true,
            "min_lower": 0,
            "min_numeric": 0,
            "min_special": 0,
            "min_upper": 0,
            "number": false,
            "numeric": false,
            "override_special": null,
            "result": "awpu",
            "special": false,
            "upper": false
          },
          "sensitive_attributes": []
        },
        {
          "index_key": 7,
          "schema_version": 2,
          "attributes": {
            "id": "wrnw",
            "keepers": null,
            "length": 4,
            "lower": true,
            "min_lower": 0,
            "min_numeric": 0,
            "min_special": 0,
            "min_upper": 0,
            "number": false,
            "numeric": false,
            "override_special": null,
            "result": "wrnw",
            "special": false,
            "upper": false
          },
          "sensitive_attributes": []
        },
        {
          "index_key": 8,
          "schema_version": 2,
          "attributes": {
            "id": "vdka",
            "keepers": null,
            "length": 4,
            "lower": true,
            "min_lower": 0,
            "min_numeric": 0,
            "min_special": 0,
            "min_upper": 0,
            "number": false,
            "numeric": false,
            "override_special": null,
            "result": "vdka",
            "special": false,
            "upper": false
          },
          "sensitive_attributes": []
        },
        {
          "index_key": 9,
          "schema_version": 2,
          "attributes": {
            "id": "mzuj",
            "keepers": null,
            "length": 4,
            "lower": true,
            "min_lower": 0,
            "min_numeric": 0,
            "min_special": 0,
            "min_upper": 0,
            "number": false,
            "numeric": false,
            "override_special": null,
            "result": "mzuj",
            "special": false,
            "upper": false
          },
          "sensitive_attributes": []
        },
        {
          "index_key": 10,
          "schema_version": 2,
          "attributes": {
            "id": "zbde",
            "keepers": null,
            "length": 4,
            "lower": true,
            "min_lower": 0,
            "min_numeric": 0,
            "min_special": 0,
            "min_upper": 0,
            "number": false,
            "numeric": false,
            "override_special": null,
            "result": "zbde",
            "special": false,
            "upper": false
          },
          "sensitive_attributes": []
        },
        {
          "index_key": 11,
          "schema_version": 2,
          "attributes": {
            "id": "dfzw",
            "keepers": null,
            "length": 4,
            "lower": true,
            "min_lower": 0,
            "min_numeric": 0,
            "min_special": 0,
            "min_upper": 0,
            "number": false,
            "numeric": false,
            "override_special": null,
            "result": "dfzw",
            "special": false,
            "upper": false
          },
          "sensitive_attributes": []
        },
        {
          "index_key": 12,
          "schema_version": 2,
          "attributes": {
            "id": "dlpb",
            "keepers": null,
            "length": 4,
            "lower": true,
            "min_lower": 0,
            "min_numeric": 0,
            "min_special": 0,
            "min_upper": 0,
            "number": false,
            "numeric": false,
            "override_special": null,
            "result": "dlpb",
            "special": false,
            "upper": false
          },
          "sensitive_attributes": []
        },
        {
          "index_key": 13,
          "schema_version": 2,
          "attributes": {
            "id": "egsw",
            "keepers": null,
            "length": 4,
            "lower": true,
            "min_lower": 0,
            "min_numeric": 0,
            "min_special": 0,
            "min_upper": 0,
            "number": false,
            "numeric": false,
            "override_special": null,
            "result": "egsw",
            "special": false,
            "upper": false
          },
          "sensitive_attributes": []
        },
        {
          "index_key": 14,
          "schema_version": 2,
          "attributes": {
            "id": "lbac",
            "keepers": null,
            "length": 4,
            "lower": true,
            "min_lower": 0,
            "min_numeric": 0,
            "min_special": 0,
            "min_upper": 0,
            "number": false,
            "numeric": false,
            "override_special": null,
            "result": "lbac",
            "special": false,
            "upper": false
          },
          "sensitive_attributes": []
        },
        {
          "index_key": 15,
          "schema_version": 2,
          "attributes": {
            "id": "tcfl",
            "keepers": null,
            "length": 4,
            "lower": true,
            "min_lower": 0,
            "min_numeric": 0,
            "min_special": 0,
            "min_upper": 0,
            "number": false,
            "numeric": false,
            "override_special": null,
            "result": "tcfl",
            "special": false,
            "upper": false
          },
          "sensitive_attributes": []
        },
        {
          "index_key": 16,
          "schema_version": 2,
          "attributes": {
            "id": "faez",
            "keepers": null,
            "length": 4,
            "lower": true,
            "min_lower": 0,
            "min_numeric": 0,
            "min_special": 0,
            "min_upper": 0,
            "number": false,
            "numeric": false,
            "override_special": null,
            "result": "faez",
            "special": false,
            "upper": false
          },
          "sensitive_attributes": []
        },
        {
          "index_key": 17,
          "schema_version": 2,
          "attributes": {
            "id": "sasj",
            "keepers": null,
            "length": 4,
            "lower": true,
            "min_lower": 0,
            "min_numeric": 0,
            "min_special": 0,
            "min_upper": 0,
            "number": false,
            "numeric": false,
            "override_special": null,
            "result": "sasj",
            "special": false,
            "upper": false
          },
          "sensitive_attributes": []
        },
        {
          "index_key": 18,
          "schema_version": 2,
          "attributes": {
            "id": "kxrg",
            "keepers": null,
            "length": 4,
            "lower": true,
            "min_lower": 0,
            "min_numeric": 0,
            "min_special": 0,
            "min_upper": 0,
            "number": false,
            "numeric": false,
            "override_special": null,
            "result": "kxrg",
            "special": false,
            "upper": false
          },
          "sensitive_attributes": []
        },
        {
          "index_key": 19,
          "schema_version": 2,
          "attributes": {
            "id": "rslo",
            "keepers": null,
            "length": 4,
            "lower": true,
            "min_lower": 0,
            "min_numeric": 0,
            "min_special": 0,
            "min_upper": 0,
            "number": false,
            "numeric": false,
            "override_special": null,
            "result": "rslo",
            "special": false,
            "upper": false
          },
          "sensitive_attributes": []
        },
        {
          "index_key": 20,
          "schema_version": 2,
          "attributes": {
            "id": "ncxt",
            "keepers": null,
            "length": 4,
            "lower": true,
            "min_lower": 0,
            "min_numeric": 0,
            "min_special": 0,
            "min_upper": 0,
            "number": false,
            "numeric": false,
            "override_special": null,
            "result": "ncxt",
            "special": false,
            "upper": false
          },
          "sensitive_attributes": []
        },
        {
          "index_key": 21,
          "schema_version": 2,
          "attributes": {
            "id": "htcu",
            "keepers": null,
            "length": 4,
            "lower": true,
            "min_lower": 0,
            "min_numeric": 0,
            "min_special": 0,
            "min_upper": 0,
            "number": false,
            "numeric": false,
            "override_special": null,
            "result": "htcu",
            "special": false,
            "upper": false
          },
          "sensitive_attributes": []
        },
        {
          "index_key": 22,
          "schema_version": 2,
          "attributes": {
            "id": "xsre",
            "keepers": null,
            "length": 4,
            "lower": true,
            "min_lower": 0,
            "min_numeric": 0,
            "min_special": 0,
            "min_upper": 0,
            "number": false,
            "numeric": false,
            "override_special": null,
            "result": "xsre",
            "special": false,
            "upper": false
          },
          "sensitive_attributes": []
        },
        {
          "index_key": 23,
          "schema_version": 2,
          "attributes": {
            "id": "ekly",
            "keepers": null,
            "length": 4,
            "lower": true,
            "min_lower": 0,
            "min_numeric": 0,
            "min_special": 0,
            "min_upper": 0,
            "number": false,
            "numeric": false,
            "override_special": null,
            "result": "ekly",
            "special": false,
            "upper": false
          },
          "sensitive_attributes": []
        },
        {
          "index_key": 24,
          "schema_version": 2,
          "attributes": {
            "id": "tovo",
            "keepers": null,
            "length": 4,
            "lower": true,
            "min_lower": 0,
            "min_numeric": 0,
            "min_special": 0,
            "min_upper": 0,
            "number": false,
            "numeric": false,
            "override_special": null,
            "result": "tovo",
            "special": false,
            "upper": false
          },
          "sensitive_attributes": []
        },
        {
          "index_key": 25,
          "schema_version": 2,
          "attributes": {
            "id": "qqwz",
            "keepers": null,
            "length": 4,
            "lower": true,
            "min_lower": 0,
            "min_numeric": 0,
            "min_special": 0,
            "min_upper": 0,
            "number": false,
            "numeric": false,
            "override_special": null,
            "result": "qqwz",
            "special": false,
            "upper": false
          },
          "sensitive_attributes": []
        },
        {
          "index_key": 26,
          "schema_version": 2,
          "attributes": {
            "id": "hgdq",
            "keepers": null,
            "length": 4,
            "lower": true,
            "min_lower": 0,
            "min_numeric": 0,
            "min_special": 0,
            "min_upper": 0,
            "number": false,
            "numeric": false,
            "override_special": null,
            "result": "hgdq",
            "special": false,
            "upper": false
          },
          "sensitive_attributes": []
        },
        {
          "index_key": 27,
          "schema_version": 2,
          "attributes": {
            "id": "uanf",
            "keepers": null,
            "length": 4,
            "lower": true,
            "min_lower": 0,
            "min_numeric": 0,
            "min_special": 0,
            "min_upper": 0,
            "number": false,
            "numeric": false,
            "override_special": null,
            "result": "uanf",
            "special": false,
            "upper": false
          },
          "sensitive_attributes": []
        },
        {
          "index_key": 28,
          "schema_version": 2,
          "attributes": {
            "id": "jjrs",
            "keepers": null,
            "length": 4,
            "lower": true,
            "min_lower": 0,
            "min_numeric": 0,
            "min_special": 0,
            "min_upper": 0,
            "number": false,
            "numeric": false,
            "override_special": null,
            "result": "jjrs",
            "special": false,
            "upper": false
          },
          "sensitive_attributes": []
        },
        {
          "index_key": 29,
          "schema_version": 2,
          "attributes": {
            "id": "thzt",
            "keepers": null,
            "length": 4,
            "lower": true,
            "min_lower": 0,
            "min_numeric": 0,
            "min_special": 0,
            "min_upper": 0,
            "number": false,
            "numeric": false,
            "override_special": null,
            "result": "thzt",
            "special": false,
            "upper": false
          },
          "sensitive_attributes": []
        },
        {
          "index_key": 30,
          "schema_version": 2,
          "attributes": {
            "id": "grfl",
            "keepers": null,
            "length": 4,
            "lower": true,
            "min_lower": 0,
            "min_numeric": 0,
            "min_special": 0,
            "min_upper": 0,
            "number": false,
            "numeric": false,
            "override_special": null,
            "result": "grfl",
            "special": false,
            "upper": false
          },
          "sensitive_attributes": []
        },
        {
          "index_key": 31,
          "schema_version": 2,
          "attributes": {
            "id": "fjry",
            "keepers": null,
            "length": 4,
            "lower": true,
            "min_lower": 0,
            "min_numeric": 0,
            "min_special": 0,
            "min_upper": 0,
            "number": false,
            "numeric": false,
            "override_special": null,
            "result": "fjry",
            "special": false,
            "upper": false
          },
          "sensitive_attributes": []
        },
        {
          "index_key": 32,
          "schema_version": 2,
          "attributes": {
            "id": "tsbq",
            "keepers": null,
            "length": 4,
            "lower": true,
            "min_lower": 0,
            "min_numeric": 0,
            "min_special": 0,
            "min_upper": 0,
            "number": false,
            "numeric": false,
            "override_special": null,
            "result": "tsbq",
            "special": false,
            "upper": false
          },
          "sensitive_attributes": []
        },
        {
          "index_key": 33,
          "schema_version": 2,
          "attributes": {
            "id": "dzir",
            "keepers": null,
            "length": 4,
            "lower": true,
            "min_lower": 0,
            "min_numeric": 0,
            "min_special": 0,
            "min_upper": 0,
            "number": false,
            "numeric": false,
            "override_special": null,
            "result": "dzir",
            "special": false,
            "upper": false
          },
          "sensitive_attributes": []
        },
        {
          "index_key": 34,
          "schema_version": 2,
          "attributes": {
            "id": "asro",
            "keepers": null,
            "length": 4,
            "lower": true,
            "min_lower": 0,
            "min_numeric": 0,
            "min_special": 0,
            "min_upper": 0,
            "number": false,
            "numeric": false,
            "override_special": null,
            "result": "asro",
            "special": false,
            "upper": false
          },
          "sensitive_attributes": []
        },
        {
          "index_key": 35,
          "schema_version": 2,
          "attributes": {
            "id": "dzhd",
            "keepers": null,
            "length": 4,
            "lower": true,
            "min_lower": 0,
            "min_numeric": 0,
            "min_special": 0,
            "min_upper": 0,
            "number": false,
            "numeric": false,
            "override_special": null,
            "result": "dzhd",
            "special": false,
            "upper": false
          },
          "sensitive_attributes": []
        },
        {
          "index_key": 36,
          "schema_version": 2,
          "attributes": {
            "id": "bhxl",
            "keepers": null,
            "length": 4,
            "lower": true,
            "min_lower": 0,
            "min_numeric": 0,
            "min_special": 0,
            "min_upper": 0,
            "number": false,
            "numeric": false,
            "override_special": null,
            "result": "bhxl",
            "special": false,
            "upper": false
          },
          "sensitive_attributes": []
        },
        {
          "index_key": 37,
          "schema_version": 2,
          "attributes": {
            "id": "qbyp",
            "keepers": null,
            "length": 4,
            "lower": true,
            "min_lower": 0,
            "min_numeric": 0,
            "min_special": 0,
            "min_upper": 0,
            "number": false,
            "numeric": false,
            "override_special": null,
            "result": "qbyp",
            "special": false,
            "upper": false
          },
          "sensitive_attributes": []
        },
        {
          "index_key": 38,
          "schema_version": 2,
          "attributes": {
            "id": "wyjr",
            "keepers": null,
            "length": 4,
            "lower": true,
            "min_lower": 0,
            "min_numeric": 0,
            "min_special": 0,
            "min_upper": 0,
            "number": false,
            "numeric": false,
            "override_special": null,
            "result": "wyjr",
            "special": false,
            "upper": false
          },
          "sensitive_attributes": []
        },
        {
          "index_key": 39,
          "schema_version": 2,
          "attributes": {
            "id": "pzdj",
            "keepers": null,
            "length": 4,
            "lower": true,
            "min_lower": 0,
            "min_numeric": 0,
            "min_special": 0,
            "min_upper": 0,
            "number": false,
            "numeric": false,
            "override_special": null,
            "result": "pzdj",
            "special": false,
            "upper": false
          },
          "sensitive_attributes": []
        },
        {
          "index_key": 40,
          "schema_version": 2,
          "attributes": {
            "id": "etqf",
            "keepers": null,
            "length": 4,
            "lower": true,
            "min_lower": 0,
            "min_numeric": 0,
            "min_special": 0,
            "min_upper": 0,
            "number": false,
            "numeric": false,
            "override_special": null,
            "result": "etqf",
            "special": false,
            "upper": false
          },
          "sensitive_attributes": []
        },
        {
          "index_key": 41,
          "schema_version": 2,
          "attributes": {
            "id": "hqol",
            "keepers": null,
            "length": 4,
            "lower": true,
            "min_lower": 0,
            "min_numeric": 0,
            "min_special": 0,
            "min_upper": 0,
            "number": false,
            "numeric": false,
            "override_special": null,
            "result": "hqol",
            "special": false,
            "upper": false
          },
          "sensitive_attributes": []
        },
        {
          "index_key": 42,
          "schema_version": 2,
          "attributes": {
            "id": "olzd",
            "keepers": null,
            "length": 4,
            "lower": true,
            "min_lower": 0,
            "min_numeric": 0,
            "min_special": 0,
            "min_upper": 0,
            "number": false,
            "numeric": false,
            "override_special": null,
            "result": "olzd",
            "special": false,
            "upper": false
          },
          "sensitive_attributes": []
        },
        {
          "index_key": 43,
          "schema_version": 2,
          "attributes": {
            "id": "gbve",
            "keepers": null,
            "length": 4,
            "lower": true,
            "min_lower": 0,
            "min_numeric": 0,
            "min_special": 0,
            "min_upper": 0,
            "number": false,
            "numeric": false,
            "override_special": null,
            "result": "gbve",
            "special": false,
            "upper": false
          },
          "sensitive_attributes": []
        },
        {
          "index_key": 44,
          "schema_version": 2,
          "attributes": {
            "id": "dvlu",
            "keepers": null,
            "length": 4,
            "lower": true,
            "min_lower": 0,
            "min_numeric": 0,
            "min_special": 0,
            "min_upper": 0,
            "number": false,
            "numeric": false,
            "override_special": null,
            "result": "dvlu",
            "special": false,
            "upper": false
          },
          "sensitive_attributes": []
        },
        {
          "index_key": 45,
          "schema_version": 2,
          "attributes": {
            "id": "sdij",
            "keepers": null,
            "length": 4,
            "lower": true,
            "min_lower": 0,
            "min_numeric": 0,
            "min_special": 0,
            "min_upper": 0,
            "number": false,
            "numeric": false,
            "override_special": null,
            "result": "sdij",
            "special": false,
            "upper": false
          },
          "sensitive_attributes": []
        },
        {
          "index_key": 46,
          "schema_version": 2,
          "attributes": {
            "id": "kpna",
            "keepers": null,
            "length": 4,
            "lower": true,
            "min_lower": 0,
            "min_numeric": 0,
            "min_special": 0,
            "min_upper": 0,
            "number": false,
            "numeric": false,
            "override_special": null,
            "result": "kpna",
            "special": false,
            "upper": false
          },
          "sensitive_attributes": []
        },
        {
          "index_key": 47,
          "schema_version": 2,
          "attributes": {
            "id": "dbxz",
            "keepers": null,
            "length": 4,
            "lower": true,
            "min_lower": 0,
            "min_numeric": 0,
            "min_special": 0,
            "min_upper": 0,
            "number": false,
            "numeric": false,
            "override_special": null,
            "result": "dbxz",
            "special": false,
            "upper": false
          },
          "sensitive_attributes": []
        },
        {
          "index_key": 48,
          "schema_version": 2,
          "attributes": {
            "id": "scfy",
            "keepers": null,
            "length": 4,
            "lower": true,
            "min_lower": 0,
            "min_numeric": 0,
            "min_special": 0,
            "min_upper": 0,
            "number": false,
            "numeric": false,
            "override_special": null,
            "result": "scfy",
            "special": false,
            "upper": false
          },
          "sensitive_attributes": []
        },
        {
          "index_key": 49,
          "schema_version": 2,
          "attributes": {
            "id": "stri",
            "keepers": null,
            "length": 4,
            "lower": true,
            "min_lower": 0,
            "min_numeric": 0,
            "min_special": 0,
            "min_upper": 0,
            "number": false,
            "numeric": false,
            "override_special": null,
            "result": "stri",
            "special": false,
            "upper": false
          },
          "sensitive_attributes": []
        }
      ]
    }
  ],
  "check_results": null
}
